
Microsoft Visual Studio Solution File, Format Version 12.00
# Visual Studio 14
VisualStudioVersion = 14.0.25420.1
MinimumVisualStudioVersion = 10.0.40219.1
Project("{FAE04EC0-301F-11D3-BF4B-00C04F79EFBC}") = "InProcParallel", "InProcParallel\InProcParallel.csproj", "{B9EA4C60-BB1A-4F09-8434-B9A2AB95A2E5}"
EndProject
Project("{FAE04EC0-301F-11D3-BF4B-00C04F79EFBC}") = "InProcParallelLib", "InProcParallel.lib\InProcParallelLib.csproj", "{8BF40A3D-84F3-433D-B8F2-3F057024A0B1}"
EndProject
Project("{FAE04EC0-301F-11D3-BF4B-00C04F79EFBC}") = "InProcParallelTest", "InProcParallelTest\InProcParallelTest.csproj", "{30D5156C-BC6D-4AAC-871A-98DD64341AAD}"
EndProject
Project("{2150E333-8FDC-42A3-9474-1A3956D46DE8}") = "Solution Items", "Solution Items", "{3BF201B2-F842-466A-AD37-0AC1F38B8E01}"
	ProjectSection(SolutionItems) = preProject
		README.txt = README.txt
	EndProjectSection
EndProject
Global
	GlobalSection(SolutionConfigurationPlatforms) = preSolution
		Debug_Product|Any CPU = Debug_Product|Any CPU
		Debug_Product|ARM = Debug_Product|ARM
		Debug_Product|x64 = Debug_Product|x64
		Debug_Product|x86 = Debug_Product|x86
		DEBUG_RFPTO|Any CPU = DEBUG_RFPTO|Any CPU
		DEBUG_RFPTO|ARM = DEBUG_RFPTO|ARM
		DEBUG_RFPTO|x64 = DEBUG_RFPTO|x64
		DEBUG_RFPTO|x86 = DEBUG_RFPTO|x86
		Debug|Any CPU = Debug|Any CPU
		Debug|ARM = Debug|ARM
		Debug|x64 = Debug|x64
		Debug|x86 = Debug|x86
		Release_Product|Any CPU = Release_Product|Any CPU
		Release_Product|ARM = Release_Product|ARM
		Release_Product|x64 = Release_Product|x64
		Release_Product|x86 = Release_Product|x86
		Release|Any CPU = Release|Any CPU
		Release|ARM = Release|ARM
		Release|x64 = Release|x64
		Release|x86 = Release|x86
	EndGlobalSection
	GlobalSection(ProjectConfigurationPlatforms) = postSolution
		{B9EA4C60-BB1A-4F09-8434-B9A2AB95A2E5}.Debug_Product|Any CPU.ActiveCfg = Debug|Any CPU
		{B9EA4C60-BB1A-4F09-8434-B9A2AB95A2E5}.Debug_Product|Any CPU.Build.0 = Debug|Any CPU
		{B9EA4C60-BB1A-4F09-8434-B9A2AB95A2E5}.Debug_Product|ARM.ActiveCfg = Debug|Any CPU
		{B9EA4C60-BB1A-4F09-8434-B9A2AB95A2E5}.Debug_Product|ARM.Build.0 = Debug|Any CPU
		{B9EA4C60-BB1A-4F09-8434-B9A2AB95A2E5}.Debug_Product|x64.ActiveCfg = Debug|Any CPU
		{B9EA4C60-BB1A-4F09-8434-B9A2AB95A2E5}.Debug_Product|x64.Build.0 = Debug|Any CPU
		{B9EA4C60-BB1A-4F09-8434-B9A2AB95A2E5}.Debug_Product|x86.ActiveCfg = Debug|Any CPU
		{B9EA4C60-BB1A-4F09-8434-B9A2AB95A2E5}.Debug_Product|x86.Build.0 = Debug|Any CPU
		{B9EA4C60-BB1A-4F09-8434-B9A2AB95A2E5}.DEBUG_RFPTO|Any CPU.ActiveCfg = Debug|Any CPU
		{B9EA4C60-BB1A-4F09-8434-B9A2AB95A2E5}.DEBUG_RFPTO|Any CPU.Build.0 = Debug|Any CPU
		{B9EA4C60-BB1A-4F09-8434-B9A2AB95A2E5}.DEBUG_RFPTO|ARM.ActiveCfg = Debug|Any CPU
		{B9EA4C60-BB1A-4F09-8434-B9A2AB95A2E5}.DEBUG_RFPTO|ARM.Build.0 = Debug|Any CPU
		{B9EA4C60-BB1A-4F09-8434-B9A2AB95A2E5}.DEBUG_RFPTO|x64.ActiveCfg = Debug|Any CPU
		{B9EA4C60-BB1A-4F09-8434-B9A2AB95A2E5}.DEBUG_RFPTO|x64.Build.0 = Debug|Any CPU
		{B9EA4C60-BB1A-4F09-8434-B9A2AB95A2E5}.DEBUG_RFPTO|x86.ActiveCfg = Debug|Any CPU
		{B9EA4C60-BB1A-4F09-8434-B9A2AB95A2E5}.DEBUG_RFPTO|x86.Build.0 = Debug|Any CPU
		{B9EA4C60-BB1A-4F09-8434-B9A2AB95A2E5}.Debug|Any CPU.ActiveCfg = Debug|Any CPU
		{B9EA4C60-BB1A-4F09-8434-B9A2AB95A2E5}.Debug|Any CPU.Build.0 = Debug|Any CPU
		{B9EA4C60-BB1A-4F09-8434-B9A2AB95A2E5}.Debug|ARM.ActiveCfg = Debug|Any CPU
		{B9EA4C60-BB1A-4F09-8434-B9A2AB95A2E5}.Debug|ARM.Build.0 = Debug|Any CPU
		{B9EA4C60-BB1A-4F09-8434-B9A2AB95A2E5}.Debug|x64.ActiveCfg = Debug|Any CPU
		{B9EA4C60-BB1A-4F09-8434-B9A2AB95A2E5}.Debug|x64.Build.0 = Debug|Any CPU
		{B9EA4C60-BB1A-4F09-8434-B9A2AB95A2E5}.Debug|x86.ActiveCfg = Debug|Any CPU
		{B9EA4C60-BB1A-4F09-8434-B9A2AB95A2E5}.Debug|x86.Build.0 = Debug|Any CPU
		{B9EA4C60-BB1A-4F09-8434-B9A2AB95A2E5}.Release_Product|Any CPU.ActiveCfg = Release|Any CPU
		{B9EA4C60-BB1A-4F09-8434-B9A2AB95A2E5}.Release_Product|Any CPU.Build.0 = Release|Any CPU
		{B9EA4C60-BB1A-4F09-8434-B9A2AB95A2E5}.Release_Product|ARM.ActiveCfg = Release|Any CPU
		{B9EA4C60-BB1A-4F09-8434-B9A2AB95A2E5}.Release_Product|ARM.Build.0 = Release|Any CPU
		{B9EA4C60-BB1A-4F09-8434-B9A2AB95A2E5}.Release_Product|x64.ActiveCfg = Release|Any CPU
		{B9EA4C60-BB1A-4F09-8434-B9A2AB95A2E5}.Release_Product|x64.Build.0 = Release|Any CPU
		{B9EA4C60-BB1A-4F09-8434-B9A2AB95A2E5}.Release_Product|x86.ActiveCfg = Release|Any CPU
		{B9EA4C60-BB1A-4F09-8434-B9A2AB95A2E5}.Release_Product|x86.Build.0 = Release|Any CPU
		{B9EA4C60-BB1A-4F09-8434-B9A2AB95A2E5}.Release|Any CPU.ActiveCfg = Release|Any CPU
		{B9EA4C60-BB1A-4F09-8434-B9A2AB95A2E5}.Release|Any CPU.Build.0 = Release|Any CPU
		{B9EA4C60-BB1A-4F09-8434-B9A2AB95A2E5}.Release|ARM.ActiveCfg = Release|Any CPU
		{B9EA4C60-BB1A-4F09-8434-B9A2AB95A2E5}.Release|ARM.Build.0 = Release|Any CPU
		{B9EA4C60-BB1A-4F09-8434-B9A2AB95A2E5}.Release|x64.ActiveCfg = Release|Any CPU
		{B9EA4C60-BB1A-4F09-8434-B9A2AB95A2E5}.Release|x64.Build.0 = Release|Any CPU
		{B9EA4C60-BB1A-4F09-8434-B9A2AB95A2E5}.Release|x86.ActiveCfg = Release|Any CPU
		{B9EA4C60-BB1A-4F09-8434-B9A2AB95A2E5}.Release|x86.Build.0 = Release|Any CPU
		{8BF40A3D-84F3-433D-B8F2-3F057024A0B1}.Debug_Product|Any CPU.ActiveCfg = Debug|Any CPU
		{8BF40A3D-84F3-433D-B8F2-3F057024A0B1}.Debug_Product|Any CPU.Build.0 = Debug|Any CPU
		{8BF40A3D-84F3-433D-B8F2-3F057024A0B1}.Debug_Product|ARM.ActiveCfg = Debug|Any CPU
		{8BF40A3D-84F3-433D-B8F2-3F057024A0B1}.Debug_Product|ARM.Build.0 = Debug|Any CPU
		{8BF40A3D-84F3-433D-B8F2-3F057024A0B1}.Debug_Product|x64.ActiveCfg = Debug|Any CPU
		{8BF40A3D-84F3-433D-B8F2-3F057024A0B1}.Debug_Product|x64.Build.0 = Debug|Any CPU
		{8BF40A3D-84F3-433D-B8F2-3F057024A0B1}.Debug_Product|x86.ActiveCfg = Debug|Any CPU
		{8BF40A3D-84F3-433D-B8F2-3F057024A0B1}.Debug_Product|x86.Build.0 = Debug|Any CPU
		{8BF40A3D-84F3-433D-B8F2-3F057024A0B1}.DEBUG_RFPTO|Any CPU.ActiveCfg = Debug|Any CPU
		{8BF40A3D-84F3-433D-B8F2-3F057024A0B1}.DEBUG_RFPTO|Any CPU.Build.0 = Debug|Any CPU
		{8BF40A3D-84F3-433D-B8F2-3F057024A0B1}.DEBUG_RFPTO|ARM.ActiveCfg = Debug|Any CPU
		{8BF40A3D-84F3-433D-B8F2-3F057024A0B1}.DEBUG_RFPTO|ARM.Build.0 = Debug|Any CPU
		{8BF40A3D-84F3-433D-B8F2-3F057024A0B1}.DEBUG_RFPTO|x64.ActiveCfg = Debug|Any CPU
		{8BF40A3D-84F3-433D-B8F2-3F057024A0B1}.DEBUG_RFPTO|x64.Build.0 = Debug|Any CPU
		{8BF40A3D-84F3-433D-B8F2-3F057024A0B1}.DEBUG_RFPTO|x86.ActiveCfg = Debug|Any CPU
		{8BF40A3D-84F3-433D-B8F2-3F057024A0B1}.DEBUG_RFPTO|x86.Build.0 = Debug|Any CPU
		{8BF40A3D-84F3-433D-B8F2-3F057024A0B1}.Debug|Any CPU.ActiveCfg = Debug|Any CPU
		{8BF40A3D-84F3-433D-B8F2-3F057024A0B1}.Debug|Any CPU.Build.0 = Debug|Any CPU
		{8BF40A3D-84F3-433D-B8F2-3F057024A0B1}.Debug|ARM.ActiveCfg = Debug|Any CPU
		{8BF40A3D-84F3-433D-B8F2-3F057024A0B1}.Debug|ARM.Build.0 = Debug|Any CPU
		{8BF40A3D-84F3-433D-B8F2-3F057024A0B1}.Debug|x64.ActiveCfg = Debug|Any CPU
		{8BF40A3D-84F3-433D-B8F2-3F057024A0B1}.Debug|x64.Build.0 = Debug|Any CPU
		{8BF40A3D-84F3-433D-B8F2-3F057024A0B1}.Debug|x86.ActiveCfg = Debug|Any CPU
		{8BF40A3D-84F3-433D-B8F2-3F057024A0B1}.Debug|x86.Build.0 = Debug|Any CPU
		{8BF40A3D-84F3-433D-B8F2-3F057024A0B1}.Release_Product|Any CPU.ActiveCfg = Release|Any CPU
		{8BF40A3D-84F3-433D-B8F2-3F057024A0B1}.Release_Product|Any CPU.Build.0 = Release|Any CPU
		{8BF40A3D-84F3-433D-B8F2-3F057024A0B1}.Release_Product|ARM.ActiveCfg = Release|Any CPU
		{8BF40A3D-84F3-433D-B8F2-3F057024A0B1}.Release_Product|ARM.Build.0 = Release|Any CPU
		{8BF40A3D-84F3-433D-B8F2-3F057024A0B1}.Release_Product|x64.ActiveCfg = Release|Any CPU
		{8BF40A3D-84F3-433D-B8F2-3F057024A0B1}.Release_Product|x64.Build.0 = Release|Any CPU
		{8BF40A3D-84F3-433D-B8F2-3F057024A0B1}.Release_Product|x86.ActiveCfg = Release|Any CPU
		{8BF40A3D-84F3-433D-B8F2-3F057024A0B1}.Release_Product|x86.Build.0 = Release|Any CPU
		{8BF40A3D-84F3-433D-B8F2-3F057024A0B1}.Release|Any CPU.ActiveCfg = Release|Any CPU
		{8BF40A3D-84F3-433D-B8F2-3F057024A0B1}.Release|Any CPU.Build.0 = Release|Any CPU
		{8BF40A3D-84F3-433D-B8F2-3F057024A0B1}.Release|ARM.ActiveCfg = Release|Any CPU
		{8BF40A3D-84F3-433D-B8F2-3F057024A0B1}.Release|ARM.Build.0 = Release|Any CPU
		{8BF40A3D-84F3-433D-B8F2-3F057024A0B1}.Release|x64.ActiveCfg = Release|Any CPU
		{8BF40A3D-84F3-433D-B8F2-3F057024A0B1}.Release|x64.Build.0 = Release|Any CPU
		{8BF40A3D-84F3-433D-B8F2-3F057024A0B1}.Release|x86.ActiveCfg = Release|Any CPU
		{8BF40A3D-84F3-433D-B8F2-3F057024A0B1}.Release|x86.Build.0 = Release|Any CPU
		{30D5156C-BC6D-4AAC-871A-98DD64341AAD}.Debug_Product|Any CPU.ActiveCfg = Debug|Any CPU
		{30D5156C-BC6D-4AAC-871A-98DD64341AAD}.Debug_Product|Any CPU.Build.0 = Debug|Any CPU
		{30D5156C-BC6D-4AAC-871A-98DD64341AAD}.Debug_Product|ARM.ActiveCfg = Debug|Any CPU
		{30D5156C-BC6D-4AAC-871A-98DD64341AAD}.Debug_Product|ARM.Build.0 = Debug|Any CPU
		{30D5156C-BC6D-4AAC-871A-98DD64341AAD}.Debug_Product|x64.ActiveCfg = Debug|Any CPU
		{30D5156C-BC6D-4AAC-871A-98DD64341AAD}.Debug_Product|x64.Build.0 = Debug|Any CPU
		{30D5156C-BC6D-4AAC-871A-98DD64341AAD}.Debug_Product|x86.ActiveCfg = Debug|Any CPU
		{30D5156C-BC6D-4AAC-871A-98DD64341AAD}.Debug_Product|x86.Build.0 = Debug|Any CPU
		{30D5156C-BC6D-4AAC-871A-98DD64341AAD}.DEBUG_RFPTO|Any CPU.ActiveCfg = Debug|Any CPU
		{30D5156C-BC6D-4AAC-871A-98DD64341AAD}.DEBUG_RFPTO|Any CPU.Build.0 = Debug|Any CPU
		{30D5156C-BC6D-4AAC-871A-98DD64341AAD}.DEBUG_RFPTO|ARM.ActiveCfg = Debug|Any CPU
		{30D5156C-BC6D-4AAC-871A-98DD64341AAD}.DEBUG_RFPTO|ARM.Build.0 = Debug|Any CPU
		{30D5156C-BC6D-4AAC-871A-98DD64341AAD}.DEBUG_RFPTO|x64.ActiveCfg = Debug|Any CPU
		{30D5156C-BC6D-4AAC-871A-98DD64341AAD}.DEBUG_RFPTO|x64.Build.0 = Debug|Any CPU
		{30D5156C-BC6D-4AAC-871A-98DD64341AAD}.DEBUG_RFPTO|x86.ActiveCfg = Debug|Any CPU
		{30D5156C-BC6D-4AAC-871A-98DD64341AAD}.DEBUG_RFPTO|x86.Build.0 = Debug|Any CPU
		{30D5156C-BC6D-4AAC-871A-98DD64341AAD}.Debug|Any CPU.ActiveCfg = Debug|Any CPU
		{30D5156C-BC6D-4AAC-871A-98DD64341AAD}.Debug|Any CPU.Build.0 = Debug|Any CPU
		{30D5156C-BC6D-4AAC-871A-98DD64341AAD}.Debug|ARM.ActiveCfg = Debug|Any CPU
		{30D5156C-BC6D-4AAC-871A-98DD64341AAD}.Debug|ARM.Build.0 = Debug|Any CPU
		{30D5156C-BC6D-4AAC-871A-98DD64341AAD}.Debug|x64.ActiveCfg = Debug|Any CPU
		{30D5156C-BC6D-4AAC-871A-98DD64341AAD}.Debug|x64.Build.0 = Debug|Any CPU
		{30D5156C-BC6D-4AAC-871A-98DD64341AAD}.Debug|x86.ActiveCfg = Debug|Any CPU
		{30D5156C-BC6D-4AAC-871A-98DD64341AAD}.Debug|x86.Build.0 = Debug|Any CPU
		{30D5156C-BC6D-4AAC-871A-98DD64341AAD}.Release_Product|Any CPU.ActiveCfg = Release|Any CPU
		{30D5156C-BC6D-4AAC-871A-98DD64341AAD}.Release_Product|Any CPU.Build.0 = Release|Any CPU
		{30D5156C-BC6D-4AAC-871A-98DD64341AAD}.Release_Product|ARM.ActiveCfg = Release|Any CPU
		{30D5156C-BC6D-4AAC-871A-98DD64341AAD}.Release_Product|ARM.Build.0 = Release|Any CPU
		{30D5156C-BC6D-4AAC-871A-98DD64341AAD}.Release_Product|x64.ActiveCfg = Release|Any CPU
		{30D5156C-BC6D-4AAC-871A-98DD64341AAD}.Release_Product|x64.Build.0 = Release|Any CPU
		{30D5156C-BC6D-4AAC-871A-98DD64341AAD}.Release_Product|x86.ActiveCfg = Release|Any CPU
		{30D5156C-BC6D-4AAC-871A-98DD64341AAD}.Release_Product|x86.Build.0 = Release|Any CPU
		{30D5156C-BC6D-4AAC-871A-98DD64341AAD}.Release|Any CPU.ActiveCfg = Release|Any CPU
		{30D5156C-BC6D-4AAC-871A-98DD64341AAD}.Release|Any CPU.Build.0 = Release|Any CPU
		{30D5156C-BC6D-4AAC-871A-98DD64341AAD}.Release|ARM.ActiveCfg = Release|Any CPU
		{30D5156C-BC6D-4AAC-871A-98DD64341AAD}.Release|ARM.Build.0 = Release|Any CPU
		{30D5156C-BC6D-4AAC-871A-98DD64341AAD}.Release|x64.ActiveCfg = Release|Any CPU
		{30D5156C-BC6D-4AAC-871A-98DD64341AAD}.Release|x64.Build.0 = Release|Any CPU
		{30D5156C-BC6D-4AAC-871A-98DD64341AAD}.Release|x86.ActiveCfg = Release|Any CPU
		{30D5156C-BC6D-4AAC-871A-98DD64341AAD}.Release|x86.Build.0 = Release|Any CPU
	EndGlobalSection
	GlobalSection(SolutionProperties) = preSolution
		HideSolutionNode = FALSE
	EndGlobalSection
EndGlobal
